
Microsoft Visual Studio Solution File, Format Version 12.00
# Visual Studio 2012
Project("{FAE04EC0-301F-11D3-BF4B-00C04F79EFBC}") = "UniversityChat", "UniversityChat\UniversityChat.csproj", "{FB353BFC-2364-47D3-8B05-EE16F634D2C1}"
EndProject
Project("{FAE04EC0-301F-11D3-BF4B-00C04F79EFBC}") = "UniversityChat.Model", "UniversityChat.Model\UniversityChat.Model.csproj", "{5EBCC7CF-0D2C-4D57-8A24-D93A655E88FA}"
EndProject
Project("{FAE04EC0-301F-11D3-BF4B-00C04F79EFBC}") = "UniversityChat.Data", "UniversityChat.Data\UniversityChat.Data.csproj", "{71ABB62C-302F-4362-88BB-56B2C7D34A70}"
EndProject
Project("{FAE04EC0-301F-11D3-BF4B-00C04F79EFBC}") = "UniversityChat.Tests", "UniversityChat.Tests\UniversityChat.Tests.csproj", "{B2169CBD-BF3C-4689-A2D7-B5E50DC302D5}"
EndProject
Project("{FAE04EC0-301F-11D3-BF4B-00C04F79EFBC}") = "UniversityChat.Logging", "UniversityChat.Logging\UniversityChat.Logging.csproj", "{1921562D-52D7-439D-891B-521DB9068260}"
EndProject
Global
	GlobalSection(SolutionConfigurationPlatforms) = preSolution
		Debug|Any CPU = Debug|Any CPU
		Release|Any CPU = Release|Any CPU
	EndGlobalSection
	GlobalSection(ProjectConfigurationPlatforms) = postSolution
		{FB353BFC-2364-47D3-8B05-EE16F634D2C1}.Debug|Any CPU.ActiveCfg = Debug|Any CPU
		{FB353BFC-2364-47D3-8B05-EE16F634D2C1}.Debug|Any CPU.Build.0 = Debug|Any CPU
		{FB353BFC-2364-47D3-8B05-EE16F634D2C1}.Release|Any CPU.ActiveCfg = Release|Any CPU
		{FB353BFC-2364-47D3-8B05-EE16F634D2C1}.Release|Any CPU.Build.0 = Release|Any CPU
		{5EBCC7CF-0D2C-4D57-8A24-D93A655E88FA}.Debug|Any CPU.ActiveCfg = Debug|Any CPU
		{5EBCC7CF-0D2C-4D57-8A24-D93A655E88FA}.Debug|Any CPU.Build.0 = Debug|Any CPU
		{5EBCC7CF-0D2C-4D57-8A24-D93A655E88FA}.Release|Any CPU.ActiveCfg = Release|Any CPU
		{5EBCC7CF-0D2C-4D57-8A24-D93A655E88FA}.Release|Any CPU.Build.0 = Release|Any CPU
		{71ABB62C-302F-4362-88BB-56B2C7D34A70}.Debug|Any CPU.ActiveCfg = Debug|Any CPU
		{71ABB62C-302F-4362-88BB-56B2C7D34A70}.Debug|Any CPU.Build.0 = Debug|Any CPU
		{71ABB62C-302F-4362-88BB-56B2C7D34A70}.Release|Any CPU.ActiveCfg = Release|Any CPU
		{71ABB62C-302F-4362-88BB-56B2C7D34A70}.Release|Any CPU.Build.0 = Release|Any CPU
		{B2169CBD-BF3C-4689-A2D7-B5E50DC302D5}.Debug|Any CPU.ActiveCfg = Debug|Any CPU
		{B2169CBD-BF3C-4689-A2D7-B5E50DC302D5}.Debug|Any CPU.Build.0 = Debug|Any CPU
		{B2169CBD-BF3C-4689-A2D7-B5E50DC302D5}.Release|Any CPU.ActiveCfg = Release|Any CPU
		{B2169CBD-BF3C-4689-A2D7-B5E50DC302D5}.Release|Any CPU.Build.0 = Release|Any CPU
		{1921562D-52D7-439D-891B-521DB9068260}.Debug|Any CPU.ActiveCfg = Debug|Any CPU
		{1921562D-52D7-439D-891B-521DB9068260}.Debug|Any CPU.Build.0 = Debug|Any CPU
		{1921562D-52D7-439D-891B-521DB9068260}.Release|Any CPU.ActiveCfg = Release|Any CPU
		{1921562D-52D7-439D-891B-521DB9068260}.Release|Any CPU.Build.0 = Release|Any CPU
	EndGlobalSection
	GlobalSection(SolutionProperties) = preSolution
		HideSolutionNode = FALSE
	EndGlobalSection
EndGlobal
